
Microsoft Visual Studio Solution File, Format Version 12.00
# Visual Studio 15
VisualStudioVersion = 15.0.27130.2027
MinimumVisualStudioVersion = 10.0.40219.1
Project("{FAE04EC0-301F-11D3-BF4B-00C04F79EFBC}") = "Mini_PL", "Mini-PL_Interpreter\Mini_PL.csproj", "{63A1E6FE-48B7-49E8-8364-36345F812CBF}"
EndProject
Project("{FAE04EC0-301F-11D3-BF4B-00C04F79EFBC}") = "Mini_PL_Tests", "Mini_PL_Tests\Mini_PL_Tests.csproj", "{92D2C672-F63F-4BCB-8637-0C69C58C473E}"
EndProject
Global
	GlobalSection(SolutionConfigurationPlatforms) = preSolution
		Debug|Any CPU = Debug|Any CPU
		Release|Any CPU = Release|Any CPU
	EndGlobalSection
	GlobalSection(ProjectConfigurationPlatforms) = postSolution
		{63A1E6FE-48B7-49E8-8364-36345F812CBF}.Debug|Any CPU.ActiveCfg = Debug|Any CPU
		{63A1E6FE-48B7-49E8-8364-36345F812CBF}.Debug|Any CPU.Build.0 = Debug|Any CPU
		{63A1E6FE-48B7-49E8-8364-36345F812CBF}.Release|Any CPU.ActiveCfg = Release|Any CPU
		{63A1E6FE-48B7-49E8-8364-36345F812CBF}.Release|Any CPU.Build.0 = Release|Any CPU
		{92D2C672-F63F-4BCB-8637-0C69C58C473E}.Debug|Any CPU.ActiveCfg = Debug|Any CPU
		{92D2C672-F63F-4BCB-8637-0C69C58C473E}.Debug|Any CPU.Build.0 = Debug|Any CPU
		{92D2C672-F63F-4BCB-8637-0C69C58C473E}.Release|Any CPU.ActiveCfg = Release|Any CPU
		{92D2C672-F63F-4BCB-8637-0C69C58C473E}.Release|Any CPU.Build.0 = Release|Any CPU
	EndGlobalSection
	GlobalSection(SolutionProperties) = preSolution
		HideSolutionNode = FALSE
	EndGlobalSection
	GlobalSection(ExtensibilityGlobals) = postSolution
		SolutionGuid = {45943DE5-FE7F-4449-91B3-36B5F8593961}
	EndGlobalSection
EndGlobal
